
Microsoft Visual Studio Solution File, Format Version 12.00
# Visual Studio Version 17
VisualStudioVersion = 17.3.32922.545
MinimumVisualStudioVersion = 10.0.40219.1
Project("{FAE04EC0-301F-11D3-BF4B-00C04F79EFBC}") = "Operaattorit", "Operaattorit.csproj", "{CF653785-FEC7-4C3C-913D-24F3CF56C253}"
EndProject
Global
	GlobalSection(SolutionConfigurationPlatforms) = preSolution
		Debug|Any CPU = Debug|Any CPU
		Release|Any CPU = Release|Any CPU
	EndGlobalSection
	GlobalSection(ProjectConfigurationPlatforms) = postSolution
		{CF653785-FEC7-4C3C-913D-24F3CF56C253}.Debug|Any CPU.ActiveCfg = Debug|Any CPU
		{CF653785-FEC7-4C3C-913D-24F3CF56C253}.Debug|Any CPU.Build.0 = Debug|Any CPU
		{CF653785-FEC7-4C3C-913D-24F3CF56C253}.Release|Any CPU.ActiveCfg = Release|Any CPU
		{CF653785-FEC7-4C3C-913D-24F3CF56C253}.Release|Any CPU.Build.0 = Release|Any CPU
	EndGlobalSection
	GlobalSection(SolutionProperties) = preSolution
		HideSolutionNode = FALSE
	EndGlobalSection
	GlobalSection(ExtensibilityGlobals) = postSolution
		SolutionGuid = {01D52D92-1F41-4D47-8C71-6423EA992BDA}
	EndGlobalSection
EndGlobal
