
Microsoft Visual Studio Solution File, Format Version 12.00
# Visual Studio Version 17
VisualStudioVersion = 17.3.32922.545
MinimumVisualStudioVersion = 10.0.40219.1
Project("{FAE04EC0-301F-11D3-BF4B-00C04F79EFBC}") = "argumentti", "argumentti.csproj", "{D05A8C13-815F-41E0-BBC8-98AE2E6116EF}"
EndProject
Global
	GlobalSection(SolutionConfigurationPlatforms) = preSolution
		Debug|Any CPU = Debug|Any CPU
		Release|Any CPU = Release|Any CPU
	EndGlobalSection
	GlobalSection(ProjectConfigurationPlatforms) = postSolution
		{D05A8C13-815F-41E0-BBC8-98AE2E6116EF}.Debug|Any CPU.ActiveCfg = Debug|Any CPU
		{D05A8C13-815F-41E0-BBC8-98AE2E6116EF}.Debug|Any CPU.Build.0 = Debug|Any CPU
		{D05A8C13-815F-41E0-BBC8-98AE2E6116EF}.Release|Any CPU.ActiveCfg = Release|Any CPU
		{D05A8C13-815F-41E0-BBC8-98AE2E6116EF}.Release|Any CPU.Build.0 = Release|Any CPU
	EndGlobalSection
	GlobalSection(SolutionProperties) = preSolution
		HideSolutionNode = FALSE
	EndGlobalSection
	GlobalSection(ExtensibilityGlobals) = postSolution
		SolutionGuid = {86C330BD-82A3-47CD-B1BC-8F3845004D9E}
	EndGlobalSection
EndGlobal
